
Microsoft Visual Studio Solution File, Format Version 12.00
# Visual Studio Version 17
VisualStudioVersion = 17.5.33530.505
MinimumVisualStudioVersion = 10.0.40219.1
Project("{2150E333-8FDC-42A3-9474-1A3956D46DE8}") = "src", "src", "{482C34B9-9F15-48F0-B371-25D51603FA84}"
EndProject
Project("{2150E333-8FDC-42A3-9474-1A3956D46DE8}") = "Solution Items", "Solution Items", "{DCDB52FB-FB83-4DA2-9302-A1400357A5D7}"
	ProjectSection(SolutionItems) = preProject
		.editorconfig = .editorconfig
	EndProjectSection
EndProject
Project("{2150E333-8FDC-42A3-9474-1A3956D46DE8}") = "ERPConnectors", "ERPConnectors", "{AF8037BA-0B89-4496-8D2B-6EBA13E53BC1}"
EndProject
Project("{2150E333-8FDC-42A3-9474-1A3956D46DE8}") = "Adapter", "Adapter", "{A1654AED-1A8B-4F57-B9F6-1B9483F19965}"
EndProject
Project("{2150E333-8FDC-42A3-9474-1A3956D46DE8}") = "Connectors", "Connectors", "{6E9DEE94-468E-42BD-A462-D70DB91FC474}"
EndProject
Project("{9A19103F-16F7-4668-BE54-9A1E7A4F7556}") = "ELog.Application", "src\ELog.Application\ELog.Application.csproj", "{E3E1E9D7-E7DA-48E3-853D-4B8EE3C6404A}"
EndProject
Project("{9A19103F-16F7-4668-BE54-9A1E7A4F7556}") = "ELog.Core", "src\ELog.Core\ELog.Core.csproj", "{745295C9-110F-4700-92DE-4F5596C1CF50}"
EndProject
Project("{9A19103F-16F7-4668-BE54-9A1E7A4F7556}") = "ELog.Migrator", "src\ELog.Migrator\ELog.Migrator.csproj", "{171BA458-1253-490C-8DE0-43EB3FC5426C}"
EndProject
Project("{9A19103F-16F7-4668-BE54-9A1E7A4F7556}") = "ELog.EntityFrameworkCore", "src\ELog.EntityFrameworkCore\ELog.EntityFrameworkCore.csproj", "{E3955F68-BF89-499B-AF2B-17AF412300E7}"
EndProject
Project("{9A19103F-16F7-4668-BE54-9A1E7A4F7556}") = "ELog.Web.Core", "src\ELog.Web.Core\ELog.Web.Core.csproj", "{C9068189-1BC7-4202-A9FF-A47EA78BD8BC}"
EndProject
Project("{9A19103F-16F7-4668-BE54-9A1E7A4F7556}") = "ELog.Web.Host", "src\ELog.Web.Host\ELog.Web.Host.csproj", "{2B0820F8-0A4D-4504-AF8C-D0CCD81CDD70}"
EndProject
Project("{9A19103F-16F7-4668-BE54-9A1E7A4F7556}") = "ELog.Adapter", "src\ERPConnector\ELog.Adapter\ELog.Adapter.csproj", "{F3D3DBDA-453F-4777-A9F7-E32252367A06}"
EndProject
Project("{9A19103F-16F7-4668-BE54-9A1E7A4F7556}") = "ELog.ERPConnector", "src\ERPConnector\ELog.ERPConnector\ELog.ERPConnector.csproj", "{8BB9592C-F6B6-4940-9764-5B033BC91214}"
EndProject
Project("{9A19103F-16F7-4668-BE54-9A1E7A4F7556}") = "ELog.ERPConnectorFactory", "src\ERPConnector\ELog.ERPConnectorFactory\PMMS.ERPConnectorFactory\ELog.ERPConnectorFactory.csproj", "{E275DCD8-5C08-473E-8945-AF4C686A4E72}"
EndProject
Project("{9A19103F-16F7-4668-BE54-9A1E7A4F7556}") = "ELog.HardwareConnectorFactory", "src\Connector\ELog.ConnectorFactory\ELog.HardwareConnectorFactory.csproj", "{10B8C742-71E9-4825-898B-7DE30FB7C089}"
EndProject
Project("{9A19103F-16F7-4668-BE54-9A1E7A4F7556}") = "ELog.HardwareConnector", "ELog.Connector\ELog.HardwareConnector.csproj", "{9309527B-DB0C-415C-989B-FFB224301726}"
EndProject
Project("{9A19103F-16F7-4668-BE54-9A1E7A4F7556}") = "MobiVueEVO.CommonUtility", "src\MobiVueEVO.CommonUtility\MobiVueEVO.CommonUtility.csproj", "{F4C15877-B6F2-48E7-BD03-8060E8F83727}"
EndProject
Project("{9A19103F-16F7-4668-BE54-9A1E7A4F7556}") = "MobiVueEVO.BO", "src\MobiVueEVO.BO\MobiVueEVO.BO.csproj", "{B0BBC5CA-7965-44A6-88A9-A1A1B46B5F73}"
EndProject
Project("{9A19103F-16F7-4668-BE54-9A1E7A4F7556}") = "MobiVueEVO.BL", "src\MobiVueEVO.BL\MobiVueEVO.BL.csproj", "{EF3F1F95-7564-44BE-8FF3-E1A0AE3DA541}"
EndProject
Project("{9A19103F-16F7-4668-BE54-9A1E7A4F7556}") = "MobiVueEVO.DAL", "src\MobiVueEVO.DAL\MobiVueEVO.DAL.csproj", "{755CE487-139C-4ED9-AF3B-FC03BB4C7899}"
EndProject
Project("{FAE04EC0-301F-11D3-BF4B-00C04F79EFBC}") = "Common", "src\Common\Common.csproj", "{4A6ED6EB-B3E6-4024-AF1C-1FD6B7518C63}"
EndProject
Global
	GlobalSection(SolutionConfigurationPlatforms) = preSolution
		Debug|Any CPU = Debug|Any CPU
		Release|Any CPU = Release|Any CPU
	EndGlobalSection
	GlobalSection(ProjectConfigurationPlatforms) = postSolution
		{E3E1E9D7-E7DA-48E3-853D-4B8EE3C6404A}.Debug|Any CPU.ActiveCfg = Debug|Any CPU
		{E3E1E9D7-E7DA-48E3-853D-4B8EE3C6404A}.Debug|Any CPU.Build.0 = Debug|Any CPU
		{E3E1E9D7-E7DA-48E3-853D-4B8EE3C6404A}.Release|Any CPU.ActiveCfg = Release|Any CPU
		{E3E1E9D7-E7DA-48E3-853D-4B8EE3C6404A}.Release|Any CPU.Build.0 = Release|Any CPU
		{745295C9-110F-4700-92DE-4F5596C1CF50}.Debug|Any CPU.ActiveCfg = Debug|Any CPU
		{745295C9-110F-4700-92DE-4F5596C1CF50}.Debug|Any CPU.Build.0 = Debug|Any CPU
		{745295C9-110F-4700-92DE-4F5596C1CF50}.Release|Any CPU.ActiveCfg = Release|Any CPU
		{745295C9-110F-4700-92DE-4F5596C1CF50}.Release|Any CPU.Build.0 = Release|Any CPU
		{171BA458-1253-490C-8DE0-43EB3FC5426C}.Debug|Any CPU.ActiveCfg = Debug|Any CPU
		{171BA458-1253-490C-8DE0-43EB3FC5426C}.Debug|Any CPU.Build.0 = Debug|Any CPU
		{171BA458-1253-490C-8DE0-43EB3FC5426C}.Release|Any CPU.ActiveCfg = Release|Any CPU
		{171BA458-1253-490C-8DE0-43EB3FC5426C}.Release|Any CPU.Build.0 = Release|Any CPU
		{E3955F68-BF89-499B-AF2B-17AF412300E7}.Debug|Any CPU.ActiveCfg = Debug|Any CPU
		{E3955F68-BF89-499B-AF2B-17AF412300E7}.Debug|Any CPU.Build.0 = Debug|Any CPU
		{E3955F68-BF89-499B-AF2B-17AF412300E7}.Release|Any CPU.ActiveCfg = Release|Any CPU
		{E3955F68-BF89-499B-AF2B-17AF412300E7}.Release|Any CPU.Build.0 = Release|Any CPU
		{C9068189-1BC7-4202-A9FF-A47EA78BD8BC}.Debug|Any CPU.ActiveCfg = Debug|Any CPU
		{C9068189-1BC7-4202-A9FF-A47EA78BD8BC}.Debug|Any CPU.Build.0 = Debug|Any CPU
		{C9068189-1BC7-4202-A9FF-A47EA78BD8BC}.Release|Any CPU.ActiveCfg = Release|Any CPU
		{C9068189-1BC7-4202-A9FF-A47EA78BD8BC}.Release|Any CPU.Build.0 = Release|Any CPU
		{2B0820F8-0A4D-4504-AF8C-D0CCD81CDD70}.Debug|Any CPU.ActiveCfg = Debug|Any CPU
		{2B0820F8-0A4D-4504-AF8C-D0CCD81CDD70}.Debug|Any CPU.Build.0 = Debug|Any CPU
		{2B0820F8-0A4D-4504-AF8C-D0CCD81CDD70}.Release|Any CPU.ActiveCfg = Release|Any CPU
		{2B0820F8-0A4D-4504-AF8C-D0CCD81CDD70}.Release|Any CPU.Build.0 = Release|Any CPU
		{F3D3DBDA-453F-4777-A9F7-E32252367A06}.Debug|Any CPU.ActiveCfg = Debug|Any CPU
		{F3D3DBDA-453F-4777-A9F7-E32252367A06}.Debug|Any CPU.Build.0 = Debug|Any CPU
		{F3D3DBDA-453F-4777-A9F7-E32252367A06}.Release|Any CPU.ActiveCfg = Release|Any CPU
		{F3D3DBDA-453F-4777-A9F7-E32252367A06}.Release|Any CPU.Build.0 = Release|Any CPU
		{8BB9592C-F6B6-4940-9764-5B033BC91214}.Debug|Any CPU.ActiveCfg = Debug|Any CPU
		{8BB9592C-F6B6-4940-9764-5B033BC91214}.Debug|Any CPU.Build.0 = Debug|Any CPU
		{8BB9592C-F6B6-4940-9764-5B033BC91214}.Release|Any CPU.ActiveCfg = Release|Any CPU
		{8BB9592C-F6B6-4940-9764-5B033BC91214}.Release|Any CPU.Build.0 = Release|Any CPU
		{E275DCD8-5C08-473E-8945-AF4C686A4E72}.Debug|Any CPU.ActiveCfg = Debug|Any CPU
		{E275DCD8-5C08-473E-8945-AF4C686A4E72}.Debug|Any CPU.Build.0 = Debug|Any CPU
		{E275DCD8-5C08-473E-8945-AF4C686A4E72}.Release|Any CPU.ActiveCfg = Release|Any CPU
		{E275DCD8-5C08-473E-8945-AF4C686A4E72}.Release|Any CPU.Build.0 = Release|Any CPU
		{10B8C742-71E9-4825-898B-7DE30FB7C089}.Debug|Any CPU.ActiveCfg = Debug|Any CPU
		{10B8C742-71E9-4825-898B-7DE30FB7C089}.Debug|Any CPU.Build.0 = Debug|Any CPU
		{10B8C742-71E9-4825-898B-7DE30FB7C089}.Release|Any CPU.ActiveCfg = Release|Any CPU
		{10B8C742-71E9-4825-898B-7DE30FB7C089}.Release|Any CPU.Build.0 = Release|Any CPU
		{9309527B-DB0C-415C-989B-FFB224301726}.Debug|Any CPU.ActiveCfg = Debug|Any CPU
		{9309527B-DB0C-415C-989B-FFB224301726}.Debug|Any CPU.Build.0 = Debug|Any CPU
		{9309527B-DB0C-415C-989B-FFB224301726}.Release|Any CPU.ActiveCfg = Release|Any CPU
		{9309527B-DB0C-415C-989B-FFB224301726}.Release|Any CPU.Build.0 = Release|Any CPU
		{F4C15877-B6F2-48E7-BD03-8060E8F83727}.Debug|Any CPU.ActiveCfg = Debug|Any CPU
		{F4C15877-B6F2-48E7-BD03-8060E8F83727}.Debug|Any CPU.Build.0 = Debug|Any CPU
		{F4C15877-B6F2-48E7-BD03-8060E8F83727}.Release|Any CPU.ActiveCfg = Release|Any CPU
		{F4C15877-B6F2-48E7-BD03-8060E8F83727}.Release|Any CPU.Build.0 = Release|Any CPU
		{B0BBC5CA-7965-44A6-88A9-A1A1B46B5F73}.Debug|Any CPU.ActiveCfg = Debug|Any CPU
		{B0BBC5CA-7965-44A6-88A9-A1A1B46B5F73}.Debug|Any CPU.Build.0 = Debug|Any CPU
		{B0BBC5CA-7965-44A6-88A9-A1A1B46B5F73}.Release|Any CPU.ActiveCfg = Release|Any CPU
		{B0BBC5CA-7965-44A6-88A9-A1A1B46B5F73}.Release|Any CPU.Build.0 = Release|Any CPU
		{EF3F1F95-7564-44BE-8FF3-E1A0AE3DA541}.Debug|Any CPU.ActiveCfg = Debug|Any CPU
		{EF3F1F95-7564-44BE-8FF3-E1A0AE3DA541}.Debug|Any CPU.Build.0 = Debug|Any CPU
		{EF3F1F95-7564-44BE-8FF3-E1A0AE3DA541}.Release|Any CPU.ActiveCfg = Release|Any CPU
		{EF3F1F95-7564-44BE-8FF3-E1A0AE3DA541}.Release|Any CPU.Build.0 = Release|Any CPU
		{755CE487-139C-4ED9-AF3B-FC03BB4C7899}.Debug|Any CPU.ActiveCfg = Debug|Any CPU
		{755CE487-139C-4ED9-AF3B-FC03BB4C7899}.Debug|Any CPU.Build.0 = Debug|Any CPU
		{755CE487-139C-4ED9-AF3B-FC03BB4C7899}.Release|Any CPU.ActiveCfg = Release|Any CPU
		{755CE487-139C-4ED9-AF3B-FC03BB4C7899}.Release|Any CPU.Build.0 = Release|Any CPU
		{4A6ED6EB-B3E6-4024-AF1C-1FD6B7518C63}.Debug|Any CPU.ActiveCfg = Debug|Any CPU
		{4A6ED6EB-B3E6-4024-AF1C-1FD6B7518C63}.Debug|Any CPU.Build.0 = Debug|Any CPU
		{4A6ED6EB-B3E6-4024-AF1C-1FD6B7518C63}.Release|Any CPU.ActiveCfg = Release|Any CPU
		{4A6ED6EB-B3E6-4024-AF1C-1FD6B7518C63}.Release|Any CPU.Build.0 = Release|Any CPU
	EndGlobalSection
	GlobalSection(SolutionProperties) = preSolution
		HideSolutionNode = FALSE
	EndGlobalSection
	GlobalSection(NestedProjects) = preSolution
		{AF8037BA-0B89-4496-8D2B-6EBA13E53BC1} = {482C34B9-9F15-48F0-B371-25D51603FA84}
		{A1654AED-1A8B-4F57-B9F6-1B9483F19965} = {AF8037BA-0B89-4496-8D2B-6EBA13E53BC1}
		{6E9DEE94-468E-42BD-A462-D70DB91FC474} = {482C34B9-9F15-48F0-B371-25D51603FA84}
		{E3E1E9D7-E7DA-48E3-853D-4B8EE3C6404A} = {482C34B9-9F15-48F0-B371-25D51603FA84}
		{745295C9-110F-4700-92DE-4F5596C1CF50} = {482C34B9-9F15-48F0-B371-25D51603FA84}
		{171BA458-1253-490C-8DE0-43EB3FC5426C} = {482C34B9-9F15-48F0-B371-25D51603FA84}
		{E3955F68-BF89-499B-AF2B-17AF412300E7} = {482C34B9-9F15-48F0-B371-25D51603FA84}
		{C9068189-1BC7-4202-A9FF-A47EA78BD8BC} = {482C34B9-9F15-48F0-B371-25D51603FA84}
		{2B0820F8-0A4D-4504-AF8C-D0CCD81CDD70} = {482C34B9-9F15-48F0-B371-25D51603FA84}
		{F3D3DBDA-453F-4777-A9F7-E32252367A06} = {A1654AED-1A8B-4F57-B9F6-1B9483F19965}
		{8BB9592C-F6B6-4940-9764-5B033BC91214} = {AF8037BA-0B89-4496-8D2B-6EBA13E53BC1}
		{E275DCD8-5C08-473E-8945-AF4C686A4E72} = {AF8037BA-0B89-4496-8D2B-6EBA13E53BC1}
		{10B8C742-71E9-4825-898B-7DE30FB7C089} = {6E9DEE94-468E-42BD-A462-D70DB91FC474}
		{9309527B-DB0C-415C-989B-FFB224301726} = {6E9DEE94-468E-42BD-A462-D70DB91FC474}
		{F4C15877-B6F2-48E7-BD03-8060E8F83727} = {482C34B9-9F15-48F0-B371-25D51603FA84}
		{B0BBC5CA-7965-44A6-88A9-A1A1B46B5F73} = {482C34B9-9F15-48F0-B371-25D51603FA84}
		{EF3F1F95-7564-44BE-8FF3-E1A0AE3DA541} = {482C34B9-9F15-48F0-B371-25D51603FA84}
		{755CE487-139C-4ED9-AF3B-FC03BB4C7899} = {482C34B9-9F15-48F0-B371-25D51603FA84}
		{4A6ED6EB-B3E6-4024-AF1C-1FD6B7518C63} = {482C34B9-9F15-48F0-B371-25D51603FA84}
	EndGlobalSection
	GlobalSection(ExtensibilityGlobals) = postSolution
		SolutionGuid = {665C89B9-4D4C-465E-B5D1-50616572EE14}
	EndGlobalSection
EndGlobal
